{
  "version": 4,
  "terraform_version": "1.15.3",
  "serial": 3,
  "lineage": "21787650-7297-c11c-c6cb-c9750ccf5535",
  "outputs": {},
  "resources": [
    {
      "mode": "managed",
      "type": "local_file",
      "name": "db_config",
      "provider": "provider[\"registry.terraform.io/hashicorp/local\"]",
      "instances": [
        {
          "schema_version": 0,
          "attributes": {
            "content": "Database Configuration\n======================\nDB Name: labdb\nDB User: labuser\nDB Port: 5432\nEnvironment: production\n",
            "content_base64": null,
            "content_base64sha256": "uT18hGquF7P6hnAgcgivZhLUSAVybH4LPjQ+ZsUgso4=",
            "content_base64sha512": "TXewvDD2Fud38cyMGMWQTx8eA2ty2OLrz6ISqWzjv/5l/B5n3nRalN4HOyc9qmB795R7MTcCCC7iFTh2WQbSDQ==",
            "content_md5": "9bc692d11eace68288f9b48119ab0962",
            "content_sha1": "c558d9596d40fd0bd81b19c66e4fdf411528e5ad",
            "content_sha256": "b93d7c846aae17b3fa8670207208af6612d44805726c7e0b3e343e66c520b28e",
            "content_sha512": "4d77b0bc30f616e777f1cc8c18c5904f1f1e036b72d8e2ebcfa212a96ce3bffe65fc1e67de745a94de073b273daa607bf7947b313702082ee21538765906d20d",
            "directory_permission": "0777",
            "file_permission": "0777",
            "filename": "./output/db_config.txt",
            "id": "c558d9596d40fd0bd81b19c66e4fdf411528e5ad",
            "sensitive_content": null,
            "source": null
          },
          "sensitive_attributes": [
            [
              {
                "type": "get_attr",
                "value": "sensitive_content"
              }
            ]
          ],
          "identity_schema_version": 0
        }
      ]
    },
    {
      "mode": "managed",
      "type": "local_file",
      "name": "web_config",
      "provider": "provider[\"registry.terraform.io/hashicorp/local\"]",
      "instances": [
        {
          "schema_version": 0,
          "attributes": {
            "content": "Web Server Configuration\n========================\nServer Name: web-server-1\nPort: 3000\nEnvironment: production\n",
            "content_base64": null,
            "content_base64sha256": "NAUqG9hpNqDN38PXKQoDdM8CqkRWOS780EWTB0+HJlg=",
            "content_base64sha512": "tExsl7qzAh6o4WoJuudtIOezEhjO4VD67bdvYznlyR95kejS5A9g9YKJOYt7LBG/rEKxdhsrjP4ZapmO52DTmQ==",
            "content_md5": "2377262224d4879aa9c552db56a1bb76",
            "content_sha1": "4a1558cfafd714c714fe0f83dc9e1e0f3a67cdff",
            "content_sha256": "34052a1bd86936a0cddfc3d7290a0374cf02aa4456392efcd04593074f872658",
            "content_sha512": "b44c6c97bab3021ea8e16a09bae76d20e7b31218cee150faedb76f6339e5c91f7991e8d2e40f60f58289398b7b2c11bfac42b1761b2b8cfe196a998ee760d399",
            "directory_permission": "0777",
            "file_permission": "0777",
            "filename": "./output/web_config.txt",
            "id": "4a1558cfafd714c714fe0f83dc9e1e0f3a67cdff",
            "sensitive_content": null,
            "source": null
          },
          "sensitive_attributes": [
            [
              {
                "type": "get_attr",
                "value": "sensitive_content"
              }
            ]
          ],
          "identity_schema_version": 0
        }
      ]
    }
  ],
  "check_results": null
}
